
Microsoft Visual Studio Solution File, Format Version 12.00
# Visual Studio Version 16
VisualStudioVersion = 16.0.30503.244
MinimumVisualStudioVersion = 10.0.40219.1
Project("{FAE04EC0-301F-11D3-BF4B-00C04F79EFBC}") = "WindowsFormsApp1", "WindowsFormsApp1\WindowsFormsApp1.csproj", "{75B25F54-42E6-4076-A9E3-DBF78B784F1B}"
EndProject
Global
	GlobalSection(SolutionConfigurationPlatforms) = preSolution
		Debug|Any CPU = Debug|Any CPU
		Release|Any CPU = Release|Any CPU
	EndGlobalSection
	GlobalSection(ProjectConfigurationPlatforms) = postSolution
		{75B25F54-42E6-4076-A9E3-DBF78B784F1B}.Debug|Any CPU.ActiveCfg = Debug|Any CPU
		{75B25F54-42E6-4076-A9E3-DBF78B784F1B}.Debug|Any CPU.Build.0 = Debug|Any CPU
		{75B25F54-42E6-4076-A9E3-DBF78B784F1B}.Release|Any CPU.ActiveCfg = Release|Any CPU
		{75B25F54-42E6-4076-A9E3-DBF78B784F1B}.Release|Any CPU.Build.0 = Release|Any CPU
	EndGlobalSection
	GlobalSection(SolutionProperties) = preSolution
		HideSolutionNode = FALSE
	EndGlobalSection
	GlobalSection(ExtensibilityGlobals) = postSolution
		SolutionGuid = {4390329D-086A-497F-85DE-5B987432A453}
	EndGlobalSection
EndGlobal
